NeoBundleLock neobundle.vim da586948ea027442d6c1b724e3b8c0937e224454
NeoBundleLock neocomplete.vim cb1ae10a8a394dd5a13c4b4865454e6937dce31d
NeoBundleLock perldoc-vim 3cdeb2f18bdc28ad7704dae9d3175efccdfbd026
NeoBundleLock ref.vim 1245567f6c12600767e417190c57c43b4207de62
NeoBundleLock surround.vim 324a8735bb82193a1a413e207dc1aaf60f3a1d82
NeoBundleLock unite.vim 774d04d39f663d65cd3a97c60fd6d2f8cc5a5686
NeoBundleLock vim-perl 4e75c3e3766da7294061f9bef6949e89087f821f
NeoBundleLock vim-quickrun 72e2bd74f6a541ddee856eaafb655825789d91fa
NeoBundleLock vimproc 0f68bcd93399ecbcde3eaa4efd09107314c9bdee
